{"1.2.0",
[{<<"cowboy">>,{pkg,<<"cowboy">>,<<"2.8.0">>},1},
 {<<"cowlib">>,{pkg,<<"cowlib">>,<<"2.9.1">>},2},
 {<<"elli">>,{pkg,<<"elli">>,<<"3.2.0">>},1},
 {<<"gleam_cowboy">>,{pkg,<<"gleam_cowboy">>,<<"0.1.2">>},0},
 {<<"gleam_elli">>,{pkg,<<"gleam_elli">>,<<"0.1.1">>},0},
 {<<"gleam_http">>,{pkg,<<"gleam_http">>,<<"1.5.0">>},0},
 {<<"gleam_otp">>,
  {git,"https://github.com/gleam-lang/otp",
       {ref,"e65bdc30ca144ce959261a6edad9897414be6d64"}},
  0},
 {<<"gleam_stdlib">>,{pkg,<<"gleam_stdlib">>,<<"0.9.0">>},0},
 {<<"ranch">>,{pkg,<<"ranch">>,<<"1.7.1">>},2}]}.
[
{pkg_hash,[
 {<<"cowboy">>, <<"F3DC62E35797ECD9AC1B50DB74611193C29815401E53BAC9A5C0577BD7BC667D">>},
 {<<"cowlib">>, <<"61A6C7C50CF07FDD24B2F45B89500BB93B6686579B069A89F88CB211E1125C78">>},
 {<<"elli">>, <<"7842861819869EBBFF7230BC77ECF2DF551AE3EAEF5FDE6B01A7561CACCB811E">>},
 {<<"gleam_cowboy">>, <<"63ED10783989868AC8A5276FEAA00DE90E171A0C909B0EF955DCE1D99633848B">>},
 {<<"gleam_elli">>, <<"BB9635BFE9ACA8540ADEBA6C622FB25E6E161285EF1384E63660B29902F5B3CA">>},
 {<<"gleam_http">>, <<"BE2DFC92BF6F83DF6A19756B985A42E0798DEA64BB885AB08B31E0384F7165D3">>},
 {<<"gleam_stdlib">>, <<"D1323850E8C1481D8D6661EE572DD54D5F0F1C2CCEF208A0ADEBB72183B7B465">>},
 {<<"ranch">>, <<"6B1FAB51B49196860B733A49C07604465A47BDB78AA10C1C16A3D199F7F8C881">>}]},
{pkg_hash_ext,[
 {<<"cowboy">>, <<"4643E4FBA74AC96D4D152C75803DE6FAD0B3FA5DF354C71AFDD6CBEEB15FAC8A">>},
 {<<"cowlib">>, <<"E4175DC240A70D996156160891E1C62238EDE1729E45740BDD38064DAD476170">>},
 {<<"elli">>, <<"8DF6BD47ABD809470CE74E3C30C2DAC4B9DCE42B780FCBEA7E51861259448512">>},
 {<<"gleam_cowboy">>, <<"A6C5F7FC11E9E2E88A20B16DB495D7F55F9AA68D5B9A88995EBD42C745225B3F">>},
 {<<"gleam_elli">>, <<"2EDB05861F7193F807022D0E56F8FC0E3122340623E9EEA61C370130A80D1888">>},
 {<<"gleam_http">>, <<"902B41BD1CCD86DC0EF93517173366FE5ECFC1D72F95C86DBD1519238440B742">>},
 {<<"gleam_stdlib">>, <<"01CF1C5D9047121F1F88913448DF3FE7F9016C6F7D98A9729219A06C4D88395D">>},
 {<<"ranch">>, <<"451D8527787DF716D99DC36162FCA05934915DB0B6141BBDAC2EA8D3C7AFC7D7">>}]}
].
